
Microsoft Visual Studio Solution File, Format Version 12.00
# Visual Studio Version 17
VisualStudioVersion = 17.0.31903.59
MinimumVisualStudioVersion = 10.0.40219.1
Project("{FAE04EC0-301F-11D3-BF4B-00C04F79EFBC}") = "ACadSharp.Image", "ACadSharp.Image\ACadSharp.Image.csproj", "{EDE03B13-79CF-41A8-8101-F412229B328D}"
EndProject
Project("{FAE04EC0-301F-11D3-BF4B-00C04F79EFBC}") = "ACadSharp.Image.Cli", "ACadSharp.Image.Cli\ACadSharp.Image.Cli.csproj", "{BEF41E8A-35F6-4846-8B1A-2E3784C61F6D}"
EndProject
Project("{FAE04EC0-301F-11D3-BF4B-00C04F79EFBC}") = "ACadSharp.Image.Tests", "ACadSharp.Image.Tests\ACadSharp.Image.Tests.csproj", "{7B45BDA1-472E-4258-A303-FFDF38BE3BA4}"
EndProject
Global
	GlobalSection(SolutionConfigurationPlatforms) = preSolution
		Debug|Any CPU = Debug|Any CPU
		Debug|x64 = Debug|x64
		Debug|x86 = Debug|x86
		Release|Any CPU = Release|Any CPU
		Release|x64 = Release|x64
		Release|x86 = Release|x86
	EndGlobalSection
	GlobalSection(ProjectConfigurationPlatforms) = postSolution
		{EDE03B13-79CF-41A8-8101-F412229B328D}.Debug|Any CPU.ActiveCfg = Debug|Any CPU
		{EDE03B13-79CF-41A8-8101-F412229B328D}.Debug|Any CPU.Build.0 = Debug|Any CPU
		{EDE03B13-79CF-41A8-8101-F412229B328D}.Debug|x64.ActiveCfg = Debug|Any CPU
		{EDE03B13-79CF-41A8-8101-F412229B328D}.Debug|x64.Build.0 = Debug|Any CPU
		{EDE03B13-79CF-41A8-8101-F412229B328D}.Debug|x86.ActiveCfg = Debug|Any CPU
		{EDE03B13-79CF-41A8-8101-F412229B328D}.Debug|x86.Build.0 = Debug|Any CPU
		{EDE03B13-79CF-41A8-8101-F412229B328D}.Release|Any CPU.ActiveCfg = Release|Any CPU
		{EDE03B13-79CF-41A8-8101-F412229B328D}.Release|Any CPU.Build.0 = Release|Any CPU
		{EDE03B13-79CF-41A8-8101-F412229B328D}.Release|x64.ActiveCfg = Release|Any CPU
		{EDE03B13-79CF-41A8-8101-F412229B328D}.Release|x64.Build.0 = Release|Any CPU
		{EDE03B13-79CF-41A8-8101-F412229B328D}.Release|x86.ActiveCfg = Release|Any CPU
		{EDE03B13-79CF-41A8-8101-F412229B328D}.Release|x86.Build.0 = Release|Any CPU
		{BEF41E8A-35F6-4846-8B1A-2E3784C61F6D}.Debug|Any CPU.ActiveCfg = Debug|Any CPU
		{BEF41E8A-35F6-4846-8B1A-2E3784C61F6D}.Debug|Any CPU.Build.0 = Debug|Any CPU
		{BEF41E8A-35F6-4846-8B1A-2E3784C61F6D}.Debug|x64.ActiveCfg = Debug|Any CPU
		{BEF41E8A-35F6-4846-8B1A-2E3784C61F6D}.Debug|x64.Build.0 = Debug|Any CPU
		{BEF41E8A-35F6-4846-8B1A-2E3784C61F6D}.Debug|x86.ActiveCfg = Debug|Any CPU
		{BEF41E8A-35F6-4846-8B1A-2E3784C61F6D}.Debug|x86.Build.0 = Debug|Any CPU
		{BEF41E8A-35F6-4846-8B1A-2E3784C61F6D}.Release|Any CPU.ActiveCfg = Release|Any CPU
		{BEF41E8A-35F6-4846-8B1A-2E3784C61F6D}.Release|Any CPU.Build.0 = Release|Any CPU
		{BEF41E8A-35F6-4846-8B1A-2E3784C61F6D}.Release|x64.ActiveCfg = Release|Any CPU
		{BEF41E8A-35F6-4846-8B1A-2E3784C61F6D}.Release|x64.Build.0 = Release|Any CPU
		{BEF41E8A-35F6-4846-8B1A-2E3784C61F6D}.Release|x86.ActiveCfg = Release|Any CPU
		{BEF41E8A-35F6-4846-8B1A-2E3784C61F6D}.Release|x86.Build.0 = Release|Any CPU
		{7B45BDA1-472E-4258-A303-FFDF38BE3BA4}.Debug|Any CPU.ActiveCfg = Debug|Any CPU
		{7B45BDA1-472E-4258-A303-FFDF38BE3BA4}.Debug|Any CPU.Build.0 = Debug|Any CPU
		{7B45BDA1-472E-4258-A303-FFDF38BE3BA4}.Debug|x64.ActiveCfg = Debug|Any CPU
		{7B45BDA1-472E-4258-A303-FFDF38BE3BA4}.Debug|x64.Build.0 = Debug|Any CPU
		{7B45BDA1-472E-4258-A303-FFDF38BE3BA4}.Debug|x86.ActiveCfg = Debug|Any CPU
		{7B45BDA1-472E-4258-A303-FFDF38BE3BA4}.Debug|x86.Build.0 = Debug|Any CPU
		{7B45BDA1-472E-4258-A303-FFDF38BE3BA4}.Release|Any CPU.ActiveCfg = Release|Any CPU
		{7B45BDA1-472E-4258-A303-FFDF38BE3BA4}.Release|Any CPU.Build.0 = Release|Any CPU
		{7B45BDA1-472E-4258-A303-FFDF38BE3BA4}.Release|x64.ActiveCfg = Release|Any CPU
		{7B45BDA1-472E-4258-A303-FFDF38BE3BA4}.Release|x64.Build.0 = Release|Any CPU
		{7B45BDA1-472E-4258-A303-FFDF38BE3BA4}.Release|x86.ActiveCfg = Release|Any CPU
		{7B45BDA1-472E-4258-A303-FFDF38BE3BA4}.Release|x86.Build.0 = Release|Any CPU
	EndGlobalSection
	GlobalSection(SolutionProperties) = preSolution
		HideSolutionNode = FALSE
	EndGlobalSection
EndGlobal
